
Microsoft Visual Studio Solution File, Format Version 12.00
# Visual Studio Version 17
VisualStudioVersion = 17.6.33829.357
MinimumVisualStudioVersion = 10.0.40219.1
Project("{FAE04EC0-301F-11D3-BF4B-00C04F79EFBC}") = "Task 11", "Task 11\Task 11.csproj", "{30CFFA21-0020-4DAB-ABE5-3BD692433EAF}"
EndProject
Global
	GlobalSection(SolutionConfigurationPlatforms) = preSolution
		Debug|Any CPU = Debug|Any CPU
		Release|Any CPU = Release|Any CPU
	EndGlobalSection
	GlobalSection(ProjectConfigurationPlatforms) = postSolution
		{30CFFA21-0020-4DAB-ABE5-3BD692433EAF}.Debug|Any CPU.ActiveCfg = Debug|Any CPU
		{30CFFA21-0020-4DAB-ABE5-3BD692433EAF}.Debug|Any CPU.Build.0 = Debug|Any CPU
		{30CFFA21-0020-4DAB-ABE5-3BD692433EAF}.Release|Any CPU.ActiveCfg = Release|Any CPU
		{30CFFA21-0020-4DAB-ABE5-3BD692433EAF}.Release|Any CPU.Build.0 = Release|Any CPU
	EndGlobalSection
	GlobalSection(SolutionProperties) = preSolution
		HideSolutionNode = FALSE
	EndGlobalSection
	GlobalSection(ExtensibilityGlobals) = postSolution
		SolutionGuid = {8A9E3CFD-261E-4C67-8853-745A6337481D}
	EndGlobalSection
EndGlobal
